// !$*UTF8*$!
{
	archiveVersion = 1;
	classes = {
	};
	objectVersion = 50;
	objects = {

/* Begin PBXBuildFile section */
		5518305F20AD4EF1003415E4 /* AppDelegate.swift in Sources */ = {isa = PBXBuildFile; fileRef = 5518305E20AD4EF1003415E4 /* AppDelegate.swift */; };
		5518306120AD4EF2003415E4 /* ViewController.swift in Sources */ = {isa = PBXBuildFile; fileRef = 5518306020AD4EF2003415E4 /* ViewController.swift */; };
		5518306420AD4EF2003415E4 /* Main.storyboard in Resources */ = {isa = PBXBuildFile; fileRef = 5518306220AD4EF2003415E4 /* Main.storyboard */; };
		5518306620AD4EF3003415E4 /* Assets.xcassets in Resources */ = {isa = PBXBuildFile; fileRef = 5518306520AD4EF3003415E4 /* Assets.xcassets */; };
		5518306920AD4EF3003415E4 /* LaunchScreen.storyboard in Resources */ = {isa = PBXBuildFile; fileRef = 5518306720AD4EF3003415E4 /* LaunchScreen.storyboard */; };
		5518307120AD4F59003415E4 /* 迷克夏.txt in Resources */ = {isa = PBXBuildFile; fileRef = 5518307020AD4F59003415E4 /* 迷克夏.txt */; };
		5518307320AD61AB003415E4 /* OrderData.swift in Sources */ = {isa = PBXBuildFile; fileRef = 5518307220AD61AB003415E4 /* OrderData.swift */; };
/* End PBXBuildFile section */

/* Begin PBXFileReference section */
		5518305B20AD4EF1003415E4 /* 訂飲料.app */ = {isa = PBXFileReference; explicitFileType = wrapper.application; includeInIndex = 0; path = "訂飲料.app"; sourceTree = BUILT_PRODUCTS_DIR; };
		5518305E20AD4EF1003415E4 /* AppDelegate.swift */ = {isa = PBXFileReference; lastKnownFileType = sourcecode.swift; path = AppDelegate.swift; sourceTree = "<group>"; };
		5518306020AD4EF2003415E4 /* ViewController.swift */ = {isa = PBXFileReference; lastKnownFileType = sourcecode.swift; path = ViewController.swift; sourceTree = "<group>"; };
		5518306320AD4EF2003415E4 /* Base */ = {isa = PBXFileReference; lastKnownFileType = file.storyboard; name = Base; path = Base.lproj/Main.storyboard; sourceTree = "<group>"; };
		5518306520AD4EF3003415E4 /* Assets.xcassets */ = {isa = PBXFileReference; lastKnownFileType = folder.assetcatalog; path = Assets.xcassets; sourceTree = "<group>"; };
		5518306820AD4EF3003415E4 /* Base */ = {isa = PBXFileReference; lastKnownFileType = file.storyboard; name = Base; path = Base.lproj/LaunchScreen.storyboard; sourceTree = "<group>"; };
		5518306A20AD4EF3003415E4 /* Info.plist */ = {isa = PBXFileReference; lastKnownFileType = text.plist.xml; path = Info.plist; sourceTree = "<group>"; };
		5518307020AD4F59003415E4 /* 迷克夏.txt */ = {isa = PBXFileReference; fileEncoding = 4; lastKnownFileType = text; path = "迷克夏.txt"; sourceTree = "<group>"; };
		5518307220AD61AB003415E4 /* OrderData.swift */ = {isa = PBXFileReference; lastKnownFileType = sourcecode.swift; path = OrderData.swift; sourceTree = "<group>"; };
/* End PBXFileReference section */

/* Begin PBXFrameworksBuildPhase section */
		5518305820AD4EF1003415E4 /* Frameworks */ = {
			isa = PBXFrameworksBuildPhase;
			buildActionMask = 2147483647;
			files = (
			);
			runOnlyForDeploymentPostprocessing = 0;
		};
/* End PBXFrameworksBuildPhase section */

/* Begin PBXGroup section */
		5518305220AD4EF1003415E4 = {
			isa = PBXGroup;
			children = (
				5518305D20AD4EF1003415E4 /* 訂飲料 */,
				5518305C20AD4EF1003415E4 /* Products */,
				5518307020AD4F59003415E4 /* 迷克夏.txt */,
			);
			sourceTree = "<group>";
		};
		5518305C20AD4EF1003415E4 /* Products */ = {
			isa = PBXGroup;
			children = (
				5518305B20AD4EF1003415E4 /* 訂飲料.app */,
			);
			name = Products;
			sourceTree = "<group>";
		};
		5518305D20AD4EF1003415E4 /* 訂飲料 */ = {
			isa = PBXGroup;
			children = (
				5518305E20AD4EF1003415E4 /* AppDelegate.swift */,
				5518307220AD61AB003415E4 /* OrderData.swift */,
				5518306520AD4EF3003415E4 /* Assets.xcassets */,
				5518306020AD4EF2003415E4 /* ViewController.swift */,
				5518306220AD4EF2003415E4 /* Main.storyboard */,
				5518306720AD4EF3003415E4 /* LaunchScreen.storyboard */,
				5518306A20AD4EF3003415E4 /* Info.plist */,
			);
			path = "訂飲料";
			sourceTree = "<group>";
		};
/* End PBXGroup section */

/* Begin PBXNativeTarget section */
		5518305A20AD4EF1003415E4 /* 訂飲料 */ = {
			isa = PBXNativeTarget;
			buildConfigurationList = 5518306D20AD4EF3003415E4 /* Build configuration list for PBXNativeTarget "訂飲料" */;
			buildPhases = (
				5518305720AD4EF1003415E4 /* Sources */,
				5518305820AD4EF1003415E4 /* Frameworks */,
				5518305920AD4EF1003415E4 /* Resources */,
			);
			buildRules = (
			);
			dependencies = (
			);
			name = "訂飲料";
			productName = "訂飲料";
			productReference = 5518305B20AD4EF1003415E4 /* 訂飲料.app */;
			productType = "com.apple.product-type.application";
		};
/* End PBXNativeTarget section */

/* Begin PBXProject section */
		5518305320AD4EF1003415E4 /* Project object */ = {
			isa = PBXProject;
			attributes = {
				LastSwiftUpdateCheck = 0930;
				LastUpgradeCheck = 0930;
				ORGANIZATIONNAME = ChienWen;
				TargetAttributes = {
					5518305A20AD4EF1003415E4 = {
						CreatedOnToolsVersion = 9.3;
					};
				};
			};
			buildConfigurationList = 5518305620AD4EF1003415E4 /* Build configuration list for PBXProject "訂飲料" */;
			compatibilityVersion = "Xcode 9.3";
			developmentRegion = en;
			hasScannedForEncodings = 0;
			knownRegions = (
				en,
				Base,
			);
			mainGroup = 5518305220AD4EF1003415E4;
			productRefGroup = 5518305C20AD4EF1003415E4 /* Products */;
			projectDirPath = "";
			projectRoot = "";
			targets = (
				5518305A20AD4EF1003415E4 /* 訂飲料 */,
			);
		};
/* End PBXProject section */

/* Begin PBXResourcesBuildPhase section */
		5518305920AD4EF1003415E4 /* Resources */ = {
			isa = PBXResourcesBuildPhase;
			buildActionMask = 2147483647;
			files = (
				5518306920AD4EF3003415E4 /* LaunchScreen.storyboard in Resources */,
				5518306620AD4EF3003415E4 /* Assets.xcassets in Resources */,
				5518307120AD4F59003415E4 /* 迷克夏.txt in Resources */,
				5518306420AD4EF2003415E4 /* Main.storyboard in Resources */,
			);
			runOnlyForDeploymentPostprocessing = 0;
		};
/* End PBXResourcesBuildPhase section */

/* Begin PBXSourcesBuildPhase section */
		5518305720AD4EF1003415E4 /* Sources */ = {
			isa = PBXSourcesBuildPhase;
			buildActionMask = 2147483647;
			files = (
				5518306120AD4EF2003415E4 /* ViewController.swift in Sources */,
				5518307320AD61AB003415E4 /* OrderData.swift in Sources */,
				5518305F20AD4EF1003415E4 /* AppDelegate.swift in Sources */,
			);
			runOnlyForDeploymentPostprocessing = 0;
		};
/* End PBXSourcesBuildPhase section */

/* Begin PBXVariantGroup section */
		5518306220AD4EF2003415E4 /* Main.storyboard */ = {
			isa = PBXVariantGroup;
			children = (
				5518306320AD4EF2003415E4 /* Base */,
			);
			name = Main.storyboard;
			sourceTree = "<group>";
		};
		5518306720AD4EF3003415E4 /* LaunchScreen.storyboard */ = {
			isa = PBXVariantGroup;
			children = (
				5518306820AD4EF3003415E4 /* Base */,
			);
			name = LaunchScreen.storyboard;
			sourceTree = "<group>";
		};
/* End PBXVariantGroup section */

/* Begin XCBuildConfiguration section */
		5518306B20AD4EF3003415E4 /* Debug */ = {
			isa = XCBuildConfiguration;
			buildSettings = {
				ALWAYS_SEARCH_USER_PATHS = NO;
				CLANG_ANALYZER_NONNULL = YES;
				CLANG_ANALYZER_NUMBER_OBJECT_CONVERSION = YES_AGGRESSIVE;
				CLANG_CXX_LANGUAGE_STANDARD = "gnu++14";
				CLANG_CXX_LIBRARY = "libc++";
				CLANG_ENABLE_MODULES = YES;
				CLANG_ENABLE_OBJC_ARC = YES;
				CLANG_ENABLE_OBJC_WEAK = YES;
				CLANG_WARN_BLOCK_CAPTURE_AUTORELEASING = YES;
				CLANG_WARN_BOOL_CONVERSION = YES;
				CLANG_WARN_COMMA = YES;
				CLANG_WARN_CONSTANT_CONVERSION = YES;
				CLANG_WARN_DEPRECATED_OBJC_IMPLEMENTATIONS = YES;
				CLANG_WARN_DIRECT_OBJC_ISA_USAGE = YES_ERROR;
				CLANG_WARN_DOCUMENTATION_COMMENTS = YES;
				CLANG_WARN_EMPTY_BODY = YES;
				CLANG_WARN_ENUM_CONVERSION = YES;
				CLANG_WARN_INFINITE_RECURSION = YES;
				CLANG_WARN_INT_CONVERSION = YES;
				CLANG_WARN_NON_LITERAL_NULL_CONVERSION = YES;
				CLANG_WARN_OBJC_IMPLICIT_RETAIN_SELF = YES;
				CLANG_WARN_OBJC_LITERAL_CONVERSION = YES;
				CLANG_WARN_OBJC_ROOT_CLASS = YES_ERROR;
				CLANG_WARN_RANGE_LOOP_ANALYSIS = YES;
				CLANG_WARN_STRICT_PROTOTYPES = YES;
				CLANG_WARN_SUSPICIOUS_MOVE = YES;
				CLANG_WARN_UNGUARDED_AVAILABILITY = YES_AGGRESSIVE;
				CLANG_WARN_UNREACHABLE_CODE = YES;
				CLANG_WARN__DUPLICATE_METHOD_MATCH = YES;
				CODE_SIGN_IDENTITY = "iPhone Developer";
				COPY_PHASE_STRIP = NO;
				DEBUG_INFORMATION_FORMAT = dwarf;
				ENABLE_STRICT_OBJC_MSGSEND = YES;
				ENABLE_TESTABILITY = YES;
				GCC_C_LANGUAGE_STANDARD = gnu11;
				GCC_DYNAMIC_NO_PIC = NO;
				GCC_NO_COMMON_BLOCKS = YES;
				GCC_OPTIMIZATION_LEVEL = 0;
				GCC_PREPROCESSOR_DEFINITIONS = (
					"DEBUG=1",
					"$(inherited)",
				);
				GCC_WARN_64_TO_32_BIT_CONVERSION = YES;
				GCC_WARN_ABOUT_RETURN_TYPE = YES_ERROR;
				GCC_WARN_UNDECLARED_SELECTOR = YES;
				GCC_WARN_UNINITIALIZED_AUTOS = YES_AGGRESSIVE;
				GCC_WARN_UNUSED_FUNCTION = YES;
				GCC_WARN_UNUSED_VARIABLE = YES;
				IPHONEOS_DEPLOYMENT_TARGET = 11.3;
				MTL_ENABLE_DEBUG_INFO = YES;
				ONLY_ACTIVE_ARCH = YES;
				SDKROOT = iphoneos;
				SWIFT_ACTIVE_COMPILATION_CONDITIONS = DEBUG;
				SWIFT_OPTIMIZATION_LEVEL = "-Onone";
			};
			name = Debug;
		};
		5518306C20AD4EF3003415E4 /* Release */ = {
			isa = XCBuildConfiguration;
			buildSettings = {
				ALWAYS_SEARCH_USER_PATHS = NO;
				CLANG_ANALYZER_NONNULL = YES;
				CLANG_ANALYZER_NUMBER_OBJECT_CONVERSION = YES_AGGRESSIVE;
				CLANG_CXX_LANGUAGE_STANDARD = "gnu++14";
				CLANG_CXX_LIBRARY = "libc++";
				CLANG_ENABLE_MODULES = YES;
				CLANG_ENABLE_OBJC_ARC = YES;
				CLANG_ENABLE_OBJC_WEAK = YES;
				CLANG_WARN_BLOCK_CAPTURE_AUTORELEASING = YES;
				CLANG_WARN_BOOL_CONVERSION = YES;
				CLANG_WARN_COMMA = YES;
				CLANG_WARN_CONSTANT_CONVERSION = YES;
				CLANG_WARN_DEPRECATED_OBJC_IMPLEMENTATIONS = YES;
				CLANG_WARN_DIRECT_OBJC_ISA_USAGE = YES_ERROR;
				CLANG_WARN_DOCUMENTATION_COMMENTS = YES;
				CLANG_WARN_EMPTY_BODY = YES;
				CLANG_WARN_ENUM_CONVERSION = YES;
				CLANG_WARN_INFINITE_RECURSION = YES;
				CLANG_WARN_INT_CONVERSION = YES;
				CLANG_WARN_NON_LITERAL_NULL_CONVERSION = YES;
				CLANG_WARN_OBJC_IMPLICIT_RETAIN_SELF = YES;
				CLANG_WARN_OBJC_LITERAL_CONVERSION = YES;
				CLANG_WARN_OBJC_ROOT_CLASS = YES_ERROR;
				CLANG_WARN_RANGE_LOOP_ANALYSIS = YES;
				CLANG_WARN_STRICT_PROTOTYPES = YES;
				CLANG_WARN_SUSPICIOUS_MOVE = YES;
				CLANG_WARN_UNGUARDED_AVAILABILITY = YES_AGGRESSIVE;
				CLANG_WARN_UNREACHABLE_CODE = YES;
				CLANG_WARN__DUPLICATE_METHOD_MATCH = YES;
				CODE_SIGN_IDENTITY = "iPhone Developer";
				COPY_PHASE_STRIP = NO;
				DEBUG_INFORMATION_FORMAT = "dwarf-with-dsym";
				ENABLE_NS_ASSERTIONS = NO;
				ENABLE_STRICT_OBJC_MSGSEND = YES;
				GCC_C_LANGUAGE_STANDARD = gnu11;
				GCC_NO_COMMON_BLOCKS = YES;
				GCC_WARN_64_TO_32_BIT_CONVERSION = YES;
				GCC_WARN_ABOUT_RETURN_TYPE = YES_ERROR;
				GCC_WARN_UNDECLARED_SELECTOR = YES;
				GCC_WARN_UNINITIALIZED_AUTOS = YES_AGGRESSIVE;
				GCC_WARN_UNUSED_FUNCTION = YES;
				GCC_WARN_UNUSED_VARIABLE = YES;
				IPHONEOS_DEPLOYMENT_TARGET = 11.3;
				MTL_ENABLE_DEBUG_INFO = NO;
				SDKROOT = iphoneos;
				SWIFT_COMPILATION_MODE = wholemodule;
				SWIFT_OPTIMIZATION_LEVEL = "-O";
				VALIDATE_PRODUCT = YES;
			};
			name = Release;
		};
		5518306E20AD4EF3003415E4 /* Debug */ = {
			isa = XCBuildConfiguration;
			buildSettings = {
				ASSETCATALOG_COMPILER_APPICON_NAME = AppIcon;
				CODE_SIGN_STYLE = Automatic;
				DEVELOPMENT_TEAM = V5JCD497CL;
				INFOPLIST_FILE = "訂飲料/Info.plist";
				LD_RUNPATH_SEARCH_PATHS = (
					"$(inherited)",
					"@executable_path/Frameworks",
				);
				PRODUCT_BUNDLE_IDENTIFIER = "com.wen.---";
				PRODUCT_NAME = "$(TARGET_NAME)";
				SWIFT_VERSION = 4.0;
				TARGETED_DEVICE_FAMILY = "1,2";
			};
			name = Debug;
		};
		5518306F20AD4EF3003415E4 /* Release */ = {
			isa = XCBuildConfiguration;
			buildSettings = {
				ASSETCATALOG_COMPILER_APPICON_NAME = AppIcon;
				CODE_SIGN_STYLE = Automatic;
				DEVELOPMENT_TEAM = V5JCD497CL;
				INFOPLIST_FILE = "訂飲料/Info.plist";
				LD_RUNPATH_SEARCH_PATHS = (
					"$(inherited)",
					"@executable_path/Frameworks",
				);
				PRODUCT_BUNDLE_IDENTIFIER = "com.wen.---";
				PRODUCT_NAME = "$(TARGET_NAME)";
				SWIFT_VERSION = 4.0;
				TARGETED_DEVICE_FAMILY = "1,2";
			};
			name = Release;
		};
/* End XCBuildConfiguration section */

/* Begin XCConfigurationList section */
		5518305620AD4EF1003415E4 /* Build configuration list for PBXProject "訂飲料" */ = {
			isa = XCConfigurationList;
			buildConfigurations = (
				5518306B20AD4EF3003415E4 /* Debug */,
				5518306C20AD4EF3003415E4 /* Release */,
			);
			defaultConfigurationIsVisible = 0;
			defaultConfigurationName = Release;
		};
		5518306D20AD4EF3003415E4 /* Build configuration list for PBXNativeTarget "訂飲料" */ = {
			isa = XCConfigurationList;
			buildConfigurations = (
				5518306E20AD4EF3003415E4 /* Debug */,
				5518306F20AD4EF3003415E4 /* Release */,
			);
			defaultConfigurationIsVisible = 0;
			defaultConfigurationName = Release;
		};
/* End XCConfigurationList section */
	};
	rootObject = 5518305320AD4EF1003415E4 /* Project object */;
}
